// !$*UTF8*$!
{
	archiveVersion = 1;
	classes = {
	};
	objectVersion = 46;
	objects = {

/* Begin PBXBuildFile section */
		B57893FF191435B400E3FB1E /* ColorViewController.m in Sources */ = {isa = PBXBuildFile; fileRef = B57893FE191435B400E3FB1E /* ColorViewController.m */; };
		B5789401191440A100E3FB1E /* MapKit.framework in Frameworks */ = {isa = PBXBuildFile; fileRef = B5789400191440A100E3FB1E /* MapKit.framework */; };
		B5789404191444B800E3FB1E /* locationViewController.m in Sources */ = {isa = PBXBuildFile; fileRef = B5789403191444B800E3FB1E /* locationViewController.m */; };
		B578940719144AE800E3FB1E /* MapAnnotation.m in Sources */ = {isa = PBXBuildFile; fileRef = B578940619144AE800E3FB1E /* MapAnnotation.m */; };
		B5DF0C0F19119ECA00029F29 /* Parse.framework in Frameworks */ = {isa = PBXBuildFile; fileRef = B5DF0C0E19119ECA00029F29 /* Parse.framework */; };
		B5DF0C111911A88B00029F29 /* MessageUI.framework in Frameworks */ = {isa = PBXBuildFile; fileRef = B5DF0C101911A88B00029F29 /* MessageUI.framework */; };
		D98D3E2E19089648000E174E /* Foundation.framework in Frameworks */ = {isa = PBXBuildFile; fileRef = D98D3E2D19089648000E174E /* Foundation.framework */; };
		D98D3E3019089648000E174E /* CoreGraphics.framework in Frameworks */ = {isa = PBXBuildFile; fileRef = D98D3E2F19089648000E174E /* CoreGraphics.framework */; };
		D98D3E3219089648000E174E /* UIKit.framework in Frameworks */ = {isa = PBXBuildFile; fileRef = D98D3E3119089648000E174E /* UIKit.framework */; };
		D98D3E3819089648000E174E /* InfoPlist.strings in Resources */ = {isa = PBXBuildFile; fileRef = D98D3E3619089648000E174E /* InfoPlist.strings */; };
		D98D3E3A19089648000E174E /* main.m in Sources */ = {isa = PBXBuildFile; fileRef = D98D3E3919089648000E174E /* main.m */; };
		D98D3E3E19089648000E174E /* AppDelegate.m in Sources */ = {isa = PBXBuildFile; fileRef = D98D3E3D19089648000E174E /* AppDelegate.m */; };
		D98D3E4119089648000E174E /* Main.storyboard in Resources */ = {isa = PBXBuildFile; fileRef = D98D3E3F19089648000E174E /* Main.storyboard */; };
		D98D3E4419089648000E174E /* ViewController.m in Sources */ = {isa = PBXBuildFile; fileRef = D98D3E4319089648000E174E /* ViewController.m */; };
		D98D3E4D19089648000E174E /* XCTest.framework in Frameworks */ = {isa = PBXBuildFile; fileRef = D98D3E4C19089648000E174E /* XCTest.framework */; };
		D98D3E4E19089648000E174E /* Foundation.framework in Frameworks */ = {isa = PBXBuildFile; fileRef = D98D3E2D19089648000E174E /* Foundation.framework */; };
		D98D3E4F19089648000E174E /* UIKit.framework in Frameworks */ = {isa = PBXBuildFile; fileRef = D98D3E3119089648000E174E /* UIKit.framework */; };
		D98D3E5719089648000E174E /* InfoPlist.strings in Resources */ = {isa = PBXBuildFile; fileRef = D98D3E5519089648000E174E /* InfoPlist.strings */; };
		D98D3E5919089648000E174E /* FoundItTests.m in Sources */ = {isa = PBXBuildFile; fileRef = D98D3E5819089648000E174E /* FoundItTests.m */; };
		D9A58D541908B74B00912633 /* Images.xcassets in Resources */ = {isa = PBXBuildFile; fileRef = D9A58D531908B74B00912633 /* Images.xcassets */; };
		D9A58D5A1908BAF800912633 /* homeViewController.m in Sources */ = {isa = PBXBuildFile; fileRef = D9A58D591908BAF800912633 /* homeViewController.m */; };
		D9F16BBE190F2F910016DE9D /* AudioToolbox.framework in Frameworks */ = {isa = PBXBuildFile; fileRef = D9F16BBD190F2F910016DE9D /* AudioToolbox.framework */; };
		D9F16BC0190F2F960016DE9D /* CFNetwork.framework in Frameworks */ = {isa = PBXBuildFile; fileRef = D9F16BBF190F2F960016DE9D /* CFNetwork.framework */; };
		D9F16BC2190F2FA50016DE9D /* CoreLocation.framework in Frameworks */ = {isa = PBXBuildFile; fileRef = D9F16BC1190F2FA40016DE9D /* CoreLocation.framework */; };
		D9F16BC4190F2FB80016DE9D /* libz.dylib in Frameworks */ = {isa = PBXBuildFile; fileRef = D9F16BC3190F2FB80016DE9D /* libz.dylib */; };
		D9F16BC6190F2FBF0016DE9D /* MobileCoreServices.framework in Frameworks */ = {isa = PBXBuildFile; fileRef = D9F16BC5190F2FBF0016DE9D /* MobileCoreServices.framework */; };
		D9F16BC8190F2FC40016DE9D /* QuartzCore.framework in Frameworks */ = {isa = PBXBuildFile; fileRef = D9F16BC7190F2FC40016DE9D /* QuartzCore.framework */; };
		D9F16BCA190F2FCB0016DE9D /* Security.framework in Frameworks */ = {isa = PBXBuildFile; fileRef = D9F16BC9190F2FCB0016DE9D /* Security.framework */; };
		D9F16BCC190F2FD20016DE9D /* StoreKit.framework in Frameworks */ = {isa = PBXBuildFile; fileRef = D9F16BCB190F2FD20016DE9D /* StoreKit.framework */; };
		D9F16BCE190F2FDB0016DE9D /* SystemConfiguration.framework in Frameworks */ = {isa = PBXBuildFile; fileRef = D9F16BCD190F2FDB0016DE9D /* SystemConfiguration.framework */; };
		D9F16BD1190F30610016DE9D /* itemViewController.m in Sources */ = {isa = PBXBuildFile; fileRef = D9F16BD0190F30610016DE9D /* itemViewController.m */; };
		D9F16BD4190F33890016DE9D /* lostViewController.m in Sources */ = {isa = PBXBuildFile; fileRef = D9F16BD3190F33890016DE9D /* lostViewController.m */; };
		D9F16BE2191567C50016DE9D /* Store.m in Sources */ = {isa = PBXBuildFile; fileRef = D9F16BE1191567C50016DE9D /* Store.m */; };
		D9F16BE5191586030016DE9D /* foundViewController.m in Sources */ = {isa = PBXBuildFile; fileRef = D9F16BE4191586030016DE9D /* foundViewController.m */; };
		D9F16BE819158AC30016DE9D /* itemsViewController.m in Sources */ = {isa = PBXBuildFile; fileRef = D9F16BE719158AC30016DE9D /* itemsViewController.m */; };
		D9FA7A7C1908D3C200BEFC7C /* profileViewController.m in Sources */ = {isa = PBXBuildFile; fileRef = D9FA7A7B1908D3C200BEFC7C /* profileViewController.m */; };
/* End PBXBuildFile section */

/* Begin PBXContainerItemProxy section */
		D98D3E5019089648000E174E /* PBXContainerItemProxy */ = {
			isa = PBXContainerItemProxy;
			containerPortal = D98D3E2219089648000E174E /* Project object */;
			proxyType = 1;
			remoteGlobalIDString = D98D3E2919089648000E174E;
			remoteInfo = FoundIt;
		};
/* End PBXContainerItemProxy section */

/* Begin PBXFileReference section */
		B57893FD191435B400E3FB1E /* ColorViewController.h */ = {isa = PBXFileReference; fileEncoding = 4; lastKnownFileType = sourcecode.c.h; path = ColorViewController.h; sourceTree = "<group>"; };
		B57893FE191435B400E3FB1E /* ColorViewController.m */ = {isa = PBXFileReference; fileEncoding = 4; lastKnownFileType = sourcecode.c.objc; path = ColorViewController.m; sourceTree = "<group>"; };
		B5789400191440A100E3FB1E /* MapKit.framework */ = {isa = PBXFileReference; lastKnownFileType = wrapper.framework; name = MapKit.framework; path = System/Library/Frameworks/MapKit.framework; sourceTree = SDKROOT; };
		B5789402191444B800E3FB1E /* locationViewController.h */ = {isa = PBXFileReference; fileEncoding = 4; lastKnownFileType = sourcecode.c.h; path = locationViewController.h; sourceTree = "<group>"; };
		B5789403191444B800E3FB1E /* locationViewController.m */ = {isa = PBXFileReference; fileEncoding = 4; lastKnownFileType = sourcecode.c.objc; path = locationViewController.m; sourceTree = "<group>"; };
		B578940519144AE800E3FB1E /* MapAnnotation.h */ = {isa = PBXFileReference; fileEncoding = 4; lastKnownFileType = sourcecode.c.h; path = MapAnnotation.h; sourceTree = "<group>"; };
		B578940619144AE800E3FB1E /* MapAnnotation.m */ = {isa = PBXFileReference; fileEncoding = 4; lastKnownFileType = sourcecode.c.objc; path = MapAnnotation.m; sourceTree = "<group>"; };
		B5DF0C0E19119ECA00029F29 /* Parse.framework */ = {isa = PBXFileReference; lastKnownFileType = wrapper.framework; path = Parse.framework; sourceTree = "<group>"; };
		B5DF0C101911A88B00029F29 /* MessageUI.framework */ = {isa = PBXFileReference; lastKnownFileType = wrapper.framework; name = MessageUI.framework; path = System/Library/Frameworks/MessageUI.framework; sourceTree = SDKROOT; };
		D98D3E2A19089648000E174E /* FoundIt.app */ = {isa = PBXFileReference; explicitFileType = wrapper.application; includeInIndex = 0; path = FoundIt.app; sourceTree = BUILT_PRODUCTS_DIR; };
		D98D3E2D19089648000E174E /* Foundation.framework */ = {isa = PBXFileReference; lastKnownFileType = wrapper.framework; name = Foundation.framework; path = System/Library/Frameworks/Foundation.framework; sourceTree = SDKROOT; };
		D98D3E2F19089648000E174E /* CoreGraphics.framework */ = {isa = PBXFileReference; lastKnownFileType = wrapper.framework; name = CoreGraphics.framework; path = System/Library/Frameworks/CoreGraphics.framework; sourceTree = SDKROOT; };
		D98D3E3119089648000E174E /* UIKit.framework */ = {isa = PBXFileReference; lastKnownFileType = wrapper.framework; name = UIKit.framework; path = System/Library/Frameworks/UIKit.framework; sourceTree = SDKROOT; };
		D98D3E3519089648000E174E /* FoundIt-Info.plist */ = {isa = PBXFileReference; lastKnownFileType = text.plist.xml; path = "FoundIt-Info.plist"; sourceTree = "<group>"; };
		D98D3E3719089648000E174E /* en */ = {isa = PBXFileReference; lastKnownFileType = text.plist.strings; name = en; path = en.lproj/InfoPlist.strings; sourceTree = "<group>"; };
		D98D3E3919089648000E174E /* main.m */ = {isa = PBXFileReference; lastKnownFileType = sourcecode.c.objc; path = main.m; sourceTree = "<group>"; };
		D98D3E3B19089648000E174E /* FoundIt-Prefix.pch */ = {isa = PBXFileReference; lastKnownFileType = sourcecode.c.h; path = "FoundIt-Prefix.pch"; sourceTree = "<group>"; };
		D98D3E3C19089648000E174E /* AppDelegate.h */ = {isa = PBXFileReference; lastKnownFileType = sourcecode.c.h; path = AppDelegate.h; sourceTree = "<group>"; };
		D98D3E3D19089648000E174E /* AppDelegate.m */ = {isa = PBXFileReference; lastKnownFileType = sourcecode.c.objc; path = AppDelegate.m; sourceTree = "<group>"; };
		D98D3E4019089648000E174E /* Base */ = {isa = PBXFileReference; lastKnownFileType = file.storyboard; name = Base; path = Base.lproj/Main.storyboard; sourceTree = "<group>"; };
		D98D3E4219089648000E174E /* ViewController.h */ = {isa = PBXFileReference; lastKnownFileType = sourcecode.c.h; path = ViewController.h; sourceTree = "<group>"; };
		D98D3E4319089648000E174E /* ViewController.m */ = {isa = PBXFileReference; lastKnownFileType = sourcecode.c.objc; path = ViewController.m; sourceTree = "<group>"; };
		D98D3E4B19089648000E174E /* FoundItTests.xctest */ = {isa = PBXFileReference; explicitFileType = wrapper.cfbundle; includeInIndex = 0; path = FoundItTests.xctest; sourceTree = BUILT_PRODUCTS_DIR; };
		D98D3E4C19089648000E174E /* XCTest.framework */ = {isa = PBXFileReference; lastKnownFileType = wrapper.framework; name = XCTest.framework; path = Library/Frameworks/XCTest.framework; sourceTree = DEVELOPER_DIR; };
		D98D3E5419089648000E174E /* FoundItTests-Info.plist */ = {isa = PBXFileReference; lastKnownFileType = text.plist.xml; path = "FoundItTests-Info.plist"; sourceTree = "<group>"; };
		D98D3E5619089648000E174E /* en */ = {isa = PBXFileReference; lastKnownFileType = text.plist.strings; name = en; path = en.lproj/InfoPlist.strings; sourceTree = "<group>"; };
		D98D3E5819089648000E174E /* FoundItTests.m */ = {isa = PBXFileReference; lastKnownFileType = sourcecode.c.objc; path = FoundItTests.m; sourceTree = "<group>"; };
		D9A58D531908B74B00912633 /* Images.xcassets */ = {isa = PBXFileReference; lastKnownFileType = folder.assetcatalog; path = Images.xcassets; sourceTree = "<group>"; };
		D9A58D581908BAF800912633 /* homeViewController.h */ = {isa = PBXFileReference; fileEncoding = 4; lastKnownFileType = sourcecode.c.h; path = homeViewController.h; sourceTree = "<group>"; };
		D9A58D591908BAF800912633 /* homeViewController.m */ = {isa = PBXFileReference; fileEncoding = 4; lastKnownFileType = sourcecode.c.objc; path = homeViewController.m; sourceTree = "<group>"; };
		D9F16BBD190F2F910016DE9D /* AudioToolbox.framework */ = {isa = PBXFileReference; lastKnownFileType = wrapper.framework; name = AudioToolbox.framework; path = System/Library/Frameworks/AudioToolbox.framework; sourceTree = SDKROOT; };
		D9F16BBF190F2F960016DE9D /* CFNetwork.framework */ = {isa = PBXFileReference; lastKnownFileType = wrapper.framework; name = CFNetwork.framework; path = System/Library/Frameworks/CFNetwork.framework; sourceTree = SDKROOT; };
		D9F16BC1190F2FA40016DE9D /* CoreLocation.framework */ = {isa = PBXFileReference; lastKnownFileType = wrapper.framework; name = CoreLocation.framework; path = System/Library/Frameworks/CoreLocation.framework; sourceTree = SDKROOT; };
		D9F16BC3190F2FB80016DE9D /* libz.dylib */ = {isa = PBXFileReference; lastKnownFileType = "compiled.mach-o.dylib"; name = libz.dylib; path = usr/lib/libz.dylib; sourceTree = SDKROOT; };
		D9F16BC5190F2FBF0016DE9D /* MobileCoreServices.framework */ = {isa = PBXFileReference; lastKnownFileType = wrapper.framework; name = MobileCoreServices.framework; path = System/Library/Frameworks/MobileCoreServices.framework; sourceTree = SDKROOT; };
		D9F16BC7190F2FC40016DE9D /* QuartzCore.framework */ = {isa = PBXFileReference; lastKnownFileType = wrapper.framework; name = QuartzCore.framework; path = System/Library/Frameworks/QuartzCore.framework; sourceTree = SDKROOT; };
		D9F16BC9190F2FCB0016DE9D /* Security.framework */ = {isa = PBXFileReference; lastKnownFileType = wrapper.framework; name = Security.framework; path = System/Library/Frameworks/Security.framework; sourceTree = SDKROOT; };
		D9F16BCB190F2FD20016DE9D /* StoreKit.framework */ = {isa = PBXFileReference; lastKnownFileType = wrapper.framework; name = StoreKit.framework; path = System/Library/Frameworks/StoreKit.framework; sourceTree = SDKROOT; };
		D9F16BCD190F2FDB0016DE9D /* SystemConfiguration.framework */ = {isa = PBXFileReference; lastKnownFileType = wrapper.framework; name = SystemConfiguration.framework; path = System/Library/Frameworks/SystemConfiguration.framework; sourceTree = SDKROOT; };
		D9F16BCF190F30610016DE9D /* itemViewController.h */ = {isa = PBXFileReference; fileEncoding = 4; lastKnownFileType = sourcecode.c.h; path = itemViewController.h; sourceTree = "<group>"; };
		D9F16BD0190F30610016DE9D /* itemViewController.m */ = {isa = PBXFileReference; fileEncoding = 4; lastKnownFileType = sourcecode.c.objc; path = itemViewController.m; sourceTree = "<group>"; };
		D9F16BD2190F33890016DE9D /* lostViewController.h */ = {isa = PBXFileReference; fileEncoding = 4; lastKnownFileType = sourcecode.c.h; path = lostViewController.h; sourceTree = "<group>"; };
		D9F16BD3190F33890016DE9D /* lostViewController.m */ = {isa = PBXFileReference; fileEncoding = 4; lastKnownFileType = sourcecode.c.objc; path = lostViewController.m; sourceTree = "<group>"; };
		D9F16BE0191567C50016DE9D /* Store.h */ = {isa = PBXFileReference; fileEncoding = 4; lastKnownFileType = sourcecode.c.h; name = Store.h; path = ../Store.h; sourceTree = "<group>"; };
		D9F16BE1191567C50016DE9D /* Store.m */ = {isa = PBXFileReference; fileEncoding = 4; lastKnownFileType = sourcecode.c.objc; name = Store.m; path = ../Store.m; sourceTree = "<group>"; };
		D9F16BE3191586030016DE9D /* foundViewController.h */ = {isa = PBXFileReference; fileEncoding = 4; lastKnownFileType = sourcecode.c.h; path = foundViewController.h; sourceTree = "<group>"; };
		D9F16BE4191586030016DE9D /* foundViewController.m */ = {isa = PBXFileReference; fileEncoding = 4; lastKnownFileType = sourcecode.c.objc; path = foundViewController.m; sourceTree = "<group>"; };
		D9F16BE619158AC30016DE9D /* itemsViewController.h */ = {isa = PBXFileReference; fileEncoding = 4; lastKnownFileType = sourcecode.c.h; path = itemsViewController.h; sourceTree = "<group>"; };
		D9F16BE719158AC30016DE9D /* itemsViewController.m */ = {isa = PBXFileReference; fileEncoding = 4; lastKnownFileType = sourcecode.c.objc; path = itemsViewController.m; sourceTree = "<group>"; };
		D9FA7A7A1908D3C200BEFC7C /* profileViewController.h */ = {isa = PBXFileReference; fileEncoding = 4; lastKnownFileType = sourcecode.c.h; path = profileViewController.h; sourceTree = "<group>"; };
		D9FA7A7B1908D3C200BEFC7C /* profileViewController.m */ = {isa = PBXFileReference; fileEncoding = 4; lastKnownFileType = sourcecode.c.objc; path = profileViewController.m; sourceTree = "<group>"; };
/* End PBXFileReference section */

/* Begin PBXFrameworksBuildPhase section */
		D98D3E2719089648000E174E /* Frameworks */ = {
			isa = PBXFrameworksBuildPhase;
			buildActionMask = 2147483647;
			files = (
				B5789401191440A100E3FB1E /* MapKit.framework in Frameworks */,
				B5DF0C111911A88B00029F29 /* MessageUI.framework in Frameworks */,
				D9F16BCE190F2FDB0016DE9D /* SystemConfiguration.framework in Frameworks */,
				D9F16BCC190F2FD20016DE9D /* StoreKit.framework in Frameworks */,
				D9F16BCA190F2FCB0016DE9D /* Security.framework in Frameworks */,
				D9F16BC8190F2FC40016DE9D /* QuartzCore.framework in Frameworks */,
				D9F16BC6190F2FBF0016DE9D /* MobileCoreServices.framework in Frameworks */,
				D9F16BC4190F2FB80016DE9D /* libz.dylib in Frameworks */,
				B5DF0C0F19119ECA00029F29 /* Parse.framework in Frameworks */,
				D9F16BC2190F2FA50016DE9D /* CoreLocation.framework in Frameworks */,
				D98D3E3019089648000E174E /* CoreGraphics.framework in Frameworks */,
				D9F16BC0190F2F960016DE9D /* CFNetwork.framework in Frameworks */,
				D9F16BBE190F2F910016DE9D /* AudioToolbox.framework in Frameworks */,
				D98D3E3219089648000E174E /* UIKit.framework in Frameworks */,
				D98D3E2E19089648000E174E /* Foundation.framework in Frameworks */,
			);
			runOnlyForDeploymentPostprocessing = 0;
		};
		D98D3E4819089648000E174E /* Frameworks */ = {
			isa = PBXFrameworksBuildPhase;
			buildActionMask = 2147483647;
			files = (
				D98D3E4D19089648000E174E /* XCTest.framework in Frameworks */,
				D98D3E4F19089648000E174E /* UIKit.framework in Frameworks */,
				D98D3E4E19089648000E174E /* Foundation.framework in Frameworks */,
			);
			runOnlyForDeploymentPostprocessing = 0;
		};
/* End PBXFrameworksBuildPhase section */

/* Begin PBXGroup section */
		D98D3E2119089648000E174E = {
			isa = PBXGroup;
			children = (
				D98D3E3319089648000E174E /* FoundIt */,
				D98D3E5219089648000E174E /* FoundItTests */,
				D98D3E2C19089648000E174E /* Frameworks */,
				D98D3E2B19089648000E174E /* Products */,
			);
			sourceTree = "<group>";
		};
		D98D3E2B19089648000E174E /* Products */ = {
			isa = PBXGroup;
			children = (
				D98D3E2A19089648000E174E /* FoundIt.app */,
				D98D3E4B19089648000E174E /* FoundItTests.xctest */,
			);
			name = Products;
			sourceTree = "<group>";
		};
		D98D3E2C19089648000E174E /* Frameworks */ = {
			isa = PBXGroup;
			children = (
				B5789400191440A100E3FB1E /* MapKit.framework */,
				B5DF0C101911A88B00029F29 /* MessageUI.framework */,
				B5DF0C0E19119ECA00029F29 /* Parse.framework */,
				D9F16BCD190F2FDB0016DE9D /* SystemConfiguration.framework */,
				D9F16BCB190F2FD20016DE9D /* StoreKit.framework */,
				D9F16BC9190F2FCB0016DE9D /* Security.framework */,
				D9F16BC7190F2FC40016DE9D /* QuartzCore.framework */,
				D9F16BC5190F2FBF0016DE9D /* MobileCoreServices.framework */,
				D9F16BC3190F2FB80016DE9D /* libz.dylib */,
				D9F16BC1190F2FA40016DE9D /* CoreLocation.framework */,
				D9F16BBF190F2F960016DE9D /* CFNetwork.framework */,
				D9F16BBD190F2F910016DE9D /* AudioToolbox.framework */,
				D98D3E2D19089648000E174E /* Foundation.framework */,
				D98D3E2F19089648000E174E /* CoreGraphics.framework */,
				D98D3E3119089648000E174E /* UIKit.framework */,
				D98D3E4C19089648000E174E /* XCTest.framework */,
			);
			name = Frameworks;
			sourceTree = "<group>";
		};
		D98D3E3319089648000E174E /* FoundIt */ = {
			isa = PBXGroup;
			children = (
				D9F16BE0191567C50016DE9D /* Store.h */,
				D9F16BE1191567C50016DE9D /* Store.m */,
				D98D3E3C19089648000E174E /* AppDelegate.h */,
				D98D3E3D19089648000E174E /* AppDelegate.m */,
				D98D3E3F19089648000E174E /* Main.storyboard */,
				D9F16BE619158AC30016DE9D /* itemsViewController.h */,
				D9F16BE719158AC30016DE9D /* itemsViewController.m */,
				B578940519144AE800E3FB1E /* MapAnnotation.h */,
				B578940619144AE800E3FB1E /* MapAnnotation.m */,
				B5789402191444B800E3FB1E /* locationViewController.h */,
				B5789403191444B800E3FB1E /* locationViewController.m */,
				B57893FD191435B400E3FB1E /* ColorViewController.h */,
				B57893FE191435B400E3FB1E /* ColorViewController.m */,
				D9F16BCF190F30610016DE9D /* itemViewController.h */,
				D9F16BD0190F30610016DE9D /* itemViewController.m */,
				D9F16BD2190F33890016DE9D /* lostViewController.h */,
				D9F16BD3190F33890016DE9D /* lostViewController.m */,
				D9F16BE3191586030016DE9D /* foundViewController.h */,
				D9F16BE4191586030016DE9D /* foundViewController.m */,
				D9A58D581908BAF800912633 /* homeViewController.h */,
				D9A58D591908BAF800912633 /* homeViewController.m */,
				D9FA7A7A1908D3C200BEFC7C /* profileViewController.h */,
				D9FA7A7B1908D3C200BEFC7C /* profileViewController.m */,
				D98D3E4219089648000E174E /* ViewController.h */,
				D98D3E4319089648000E174E /* ViewController.m */,
				D9A58D531908B74B00912633 /* Images.xcassets */,
				D98D3E3419089648000E174E /* Supporting Files */,
			);
			path = FoundIt;
			sourceTree = "<group>";
		};
		D98D3E3419089648000E174E /* Supporting Files */ = {
			isa = PBXGroup;
			children = (
				D98D3E3519089648000E174E /* FoundIt-Info.plist */,
				D98D3E3619089648000E174E /* InfoPlist.strings */,
				D98D3E3919089648000E174E /* main.m */,
				D98D3E3B19089648000E174E /* FoundIt-Prefix.pch */,
			);
			name = "Supporting Files";
			sourceTree = "<group>";
		};
		D98D3E5219089648000E174E /* FoundItTests */ = {
			isa = PBXGroup;
			children = (
				D98D3E5819089648000E174E /* FoundItTests.m */,
				D98D3E5319089648000E174E /* Supporting Files */,
			);
			path = FoundItTests;
			sourceTree = "<group>";
		};
		D98D3E5319089648000E174E /* Supporting Files */ = {
			isa = PBXGroup;
			children = (
				D98D3E5419089648000E174E /* FoundItTests-Info.plist */,
				D98D3E5519089648000E174E /* InfoPlist.strings */,
			);
			name = "Supporting Files";
			sourceTree = "<group>";
		};
/* End PBXGroup section */

/* Begin PBXNativeTarget section */
		D98D3E2919089648000E174E /* FoundIt */ = {
			isa = PBXNativeTarget;
			buildConfigurationList = D98D3E5C19089648000E174E /* Build configuration list for PBXNativeTarget "FoundIt" */;
			buildPhases = (
				D98D3E2619089648000E174E /* Sources */,
				D98D3E2719089648000E174E /* Frameworks */,
				D98D3E2819089648000E174E /* Resources */,
			);
			buildRules = (
			);
			dependencies = (
			);
			name = FoundIt;
			productName = FoundIt;
			productReference = D98D3E2A19089648000E174E /* FoundIt.app */;
			productType = "com.apple.product-type.application";
		};
		D98D3E4A19089648000E174E /* FoundItTests */ = {
			isa = PBXNativeTarget;
			buildConfigurationList = D98D3E5F19089648000E174E /* Build configuration list for PBXNativeTarget "FoundItTests" */;
			buildPhases = (
				D98D3E4719089648000E174E /* Sources */,
				D98D3E4819089648000E174E /* Frameworks */,
				D98D3E4919089648000E174E /* Resources */,
			);
			buildRules = (
			);
			dependencies = (
				D98D3E5119089648000E174E /* PBXTargetDependency */,
			);
			name = FoundItTests;
			productName = FoundItTests;
			productReference = D98D3E4B19089648000E174E /* FoundItTests.xctest */;
			productType = "com.apple.product-type.bundle.unit-test";
		};
/* End PBXNativeTarget section */

/* Begin PBXProject section */
		D98D3E2219089648000E174E /* Project object */ = {
			isa = PBXProject;
			attributes = {
				LastUpgradeCheck = 0510;
				ORGANIZATIONNAME = "Yuqian Chen";
				TargetAttributes = {
					D98D3E4A19089648000E174E = {
						TestTargetID = D98D3E2919089648000E174E;
					};
				};
			};
			buildConfigurationList = D98D3E2519089648000E174E /* Build configuration list for PBXProject "FoundIt" */;
			compatibilityVersion = "Xcode 3.2";
			developmentRegion = English;
			hasScannedForEncodings = 0;
			knownRegions = (
				en,
				Base,
			);
			mainGroup = D98D3E2119089648000E174E;
			productRefGroup = D98D3E2B19089648000E174E /* Products */;
			projectDirPath = "";
			projectRoot = "";
			targets = (
				D98D3E2919089648000E174E /* FoundIt */,
				D98D3E4A19089648000E174E /* FoundItTests */,
			);
		};
/* End PBXProject section */

/* Begin PBXResourcesBuildPhase section */
		D98D3E2819089648000E174E /* Resources */ = {
			isa = PBXResourcesBuildPhase;
			buildActionMask = 2147483647;
			files = (
				D9A58D541908B74B00912633 /* Images.xcassets in Resources */,
				D98D3E3819089648000E174E /* InfoPlist.strings in Resources */,
				D98D3E4119089648000E174E /* Main.storyboard in Resources */,
			);
			runOnlyForDeploymentPostprocessing = 0;
		};
		D98D3E4919089648000E174E /* Resources */ = {
			isa = PBXResourcesBuildPhase;
			buildActionMask = 2147483647;
			files = (
				D98D3E5719089648000E174E /* InfoPlist.strings in Resources */,
			);
			runOnlyForDeploymentPostprocessing = 0;
		};
/* End PBXResourcesBuildPhase section */

/* Begin PBXSourcesBuildPhase section */
		D98D3E2619089648000E174E /* Sources */ = {
			isa = PBXSourcesBuildPhase;
			buildActionMask = 2147483647;
			files = (
				D9F16BE819158AC30016DE9D /* itemsViewController.m in Sources */,
				D9F16BD4190F33890016DE9D /* lostViewController.m in Sources */,
				D9FA7A7C1908D3C200BEFC7C /* profileViewController.m in Sources */,
				D9A58D5A1908BAF800912633 /* homeViewController.m in Sources */,
				D9F16BE2191567C50016DE9D /* Store.m in Sources */,
				D98D3E4419089648000E174E /* ViewController.m in Sources */,
				D98D3E3E19089648000E174E /* AppDelegate.m in Sources */,
				B57893FF191435B400E3FB1E /* ColorViewController.m in Sources */,
				D9F16BD1190F30610016DE9D /* itemViewController.m in Sources */,
				B578940719144AE800E3FB1E /* MapAnnotation.m in Sources */,
				B5789404191444B800E3FB1E /* locationViewController.m in Sources */,
				D98D3E3A19089648000E174E /* main.m in Sources */,
				D9F16BE5191586030016DE9D /* foundViewController.m in Sources */,
			);
			runOnlyForDeploymentPostprocessing = 0;
		};
		D98D3E4719089648000E174E /* Sources */ = {
			isa = PBXSourcesBuildPhase;
			buildActionMask = 2147483647;
			files = (
				D98D3E5919089648000E174E /* FoundItTests.m in Sources */,
			);
			runOnlyForDeploymentPostprocessing = 0;
		};
/* End PBXSourcesBuildPhase section */

/* Begin PBXTargetDependency section */
		D98D3E5119089648000E174E /* PBXTargetDependency */ = {
			isa = PBXTargetDependency;
			target = D98D3E2919089648000E174E /* FoundIt */;
			targetProxy = D98D3E5019089648000E174E /* PBXContainerItemProxy */;
		};
/* End PBXTargetDependency section */

/* Begin PBXVariantGroup section */
		D98D3E3619089648000E174E /* InfoPlist.strings */ = {
			isa = PBXVariantGroup;
			children = (
				D98D3E3719089648000E174E /* en */,
			);
			name = InfoPlist.strings;
			sourceTree = "<group>";
		};
		D98D3E3F19089648000E174E /* Main.storyboard */ = {
			isa = PBXVariantGroup;
			children = (
				D98D3E4019089648000E174E /* Base */,
			);
			name = Main.storyboard;
			sourceTree = "<group>";
		};
		D98D3E5519089648000E174E /* InfoPlist.strings */ = {
			isa = PBXVariantGroup;
			children = (
				D98D3E5619089648000E174E /* en */,
			);
			name = InfoPlist.strings;
			sourceTree = "<group>";
		};
/* End PBXVariantGroup section */

/* Begin XCBuildConfiguration section */
		D98D3E5A19089648000E174E /* Debug */ = {
			isa = XCBuildConfiguration;
			buildSettings = {
				ALWAYS_SEARCH_USER_PATHS = NO;
				CLANG_CXX_LANGUAGE_STANDARD = "gnu++0x";
				CLANG_CXX_LIBRARY = "libc++";
				CLANG_ENABLE_MODULES = YES;
				CLANG_ENABLE_OBJC_ARC = YES;
				CLANG_WARN_BOOL_CONVERSION = YES;
				CLANG_WARN_CONSTANT_CONVERSION = YES;
				CLANG_WARN_DIRECT_OBJC_ISA_USAGE = YES_ERROR;
				CLANG_WARN_EMPTY_BODY = YES;
				CLANG_WARN_ENUM_CONVERSION = YES;
				CLANG_WARN_INT_CONVERSION = YES;
				CLANG_WARN_OBJC_ROOT_CLASS = YES_ERROR;
				CLANG_WARN__DUPLICATE_METHOD_MATCH = YES;
				"CODE_SIGN_IDENTITY[sdk=iphoneos*]" = "iPhone Developer";
				COPY_PHASE_STRIP = NO;
				GCC_C_LANGUAGE_STANDARD = gnu99;
				GCC_DYNAMIC_NO_PIC = NO;
				GCC_OPTIMIZATION_LEVEL = 0;
				GCC_PREPROCESSOR_DEFINITIONS = (
					"DEBUG=1",
					"$(inherited)",
				);
				GCC_SYMBOLS_PRIVATE_EXTERN = NO;
				GCC_WARN_64_TO_32_BIT_CONVERSION = YES;
				GCC_WARN_ABOUT_RETURN_TYPE = YES_ERROR;
				GCC_WARN_UNDECLARED_SELECTOR = YES;
				GCC_WARN_UNINITIALIZED_AUTOS = YES;
				GCC_WARN_UNUSED_FUNCTION = YES;
				GCC_WARN_UNUSED_VARIABLE = YES;
				IPHONEOS_DEPLOYMENT_TARGET = 7.0;
				ONLY_ACTIVE_ARCH = YES;
				SDKROOT = iphoneos;
			};
			name = Debug;
		};
		D98D3E5B19089648000E174E /* Release */ = {
			isa = XCBuildConfiguration;
			buildSettings = {
				ALWAYS_SEARCH_USER_PATHS = NO;
				CLANG_CXX_LANGUAGE_STANDARD = "gnu++0x";
				CLANG_CXX_LIBRARY = "libc++";
				CLANG_ENABLE_MODULES = YES;
				CLANG_ENABLE_OBJC_ARC = YES;
				CLANG_WARN_BOOL_CONVERSION = YES;
				CLANG_WARN_CONSTANT_CONVERSION = YES;
				CLANG_WARN_DIRECT_OBJC_ISA_USAGE = YES_ERROR;
				CLANG_WARN_EMPTY_BODY = YES;
				CLANG_WARN_ENUM_CONVERSION = YES;
				CLANG_WARN_INT_CONVERSION = YES;
				CLANG_WARN_OBJC_ROOT_CLASS = YES_ERROR;
				CLANG_WARN__DUPLICATE_METHOD_MATCH = YES;
				"CODE_SIGN_IDENTITY[sdk=iphoneos*]" = "iPhone Developer";
				COPY_PHASE_STRIP = YES;
				ENABLE_NS_ASSERTIONS = NO;
				GCC_C_LANGUAGE_STANDARD = gnu99;
				GCC_WARN_64_TO_32_BIT_CONVERSION = YES;
				GCC_WARN_ABOUT_RETURN_TYPE = YES_ERROR;
				GCC_WARN_UNDECLARED_SELECTOR = YES;
				GCC_WARN_UNINITIALIZED_AUTOS = YES;
				GCC_WARN_UNUSED_FUNCTION = YES;
				GCC_WARN_UNUSED_VARIABLE = YES;
				IPHONEOS_DEPLOYMENT_TARGET = 7.0;
				SDKROOT = iphoneos;
				VALIDATE_PRODUCT = YES;
			};
			name = Release;
		};
		D98D3E5D19089648000E174E /* Debug */ = {
			isa = XCBuildConfiguration;
			buildSettings = {
				ASSETCATALOG_COMPILER_APPICON_NAME = AppIcon;
				ASSETCATALOG_COMPILER_LAUNCHIMAGE_NAME = LaunchImage;
				FRAMEWORK_SEARCH_PATHS = (
					"$(inherited)",
					/Users/yuqianchen/Desktop/2014Spring/FoundIt,
					/afs/cs.wisc.edu/u/e/k/eklund/Desktop/FoundIt,
				);
				GCC_PRECOMPILE_PREFIX_HEADER = YES;
				GCC_PREFIX_HEADER = "FoundIt/FoundIt-Prefix.pch";
				INFOPLIST_FILE = "FoundIt/FoundIt-Info.plist";
				PRODUCT_NAME = "$(TARGET_NAME)";
				WRAPPER_EXTENSION = app;
			};
			name = Debug;
		};
		D98D3E5E19089648000E174E /* Release */ = {
			isa = XCBuildConfiguration;
			buildSettings = {
				ASSETCATALOG_COMPILER_APPICON_NAME = AppIcon;
				ASSETCATALOG_COMPILER_LAUNCHIMAGE_NAME = LaunchImage;
				FRAMEWORK_SEARCH_PATHS = (
					"$(inherited)",
					/Users/yuqianchen/Desktop/2014Spring/FoundIt,
					/afs/cs.wisc.edu/u/e/k/eklund/Desktop/FoundIt,
				);
				GCC_PRECOMPILE_PREFIX_HEADER = YES;
				GCC_PREFIX_HEADER = "FoundIt/FoundIt-Prefix.pch";
				INFOPLIST_FILE = "FoundIt/FoundIt-Info.plist";
				PRODUCT_NAME = "$(TARGET_NAME)";
				WRAPPER_EXTENSION = app;
			};
			name = Release;
		};
		D98D3E6019089648000E174E /* Debug */ = {
			isa = XCBuildConfiguration;
			buildSettings = {
				BUNDLE_LOADER = "$(BUILT_PRODUCTS_DIR)/FoundIt.app/FoundIt";
				FRAMEWORK_SEARCH_PATHS = (
					"$(SDKROOT)/Developer/Library/Frameworks",
					"$(inherited)",
					"$(DEVELOPER_FRAMEWORKS_DIR)",
				);
				GCC_PRECOMPILE_PREFIX_HEADER = YES;
				GCC_PREFIX_HEADER = "FoundIt/FoundIt-Prefix.pch";
				GCC_PREPROCESSOR_DEFINITIONS = (
					"DEBUG=1",
					"$(inherited)",
				);
				INFOPLIST_FILE = "FoundItTests/FoundItTests-Info.plist";
				PRODUCT_NAME = "$(TARGET_NAME)";
				TEST_HOST = "$(BUNDLE_LOADER)";
				WRAPPER_EXTENSION = xctest;
			};
			name = Debug;
		};
		D98D3E6119089648000E174E /* Release */ = {
			isa = XCBuildConfiguration;
			buildSettings = {
				BUNDLE_LOADER = "$(BUILT_PRODUCTS_DIR)/FoundIt.app/FoundIt";
				FRAMEWORK_SEARCH_PATHS = (
					"$(SDKROOT)/Developer/Library/Frameworks",
					"$(inherited)",
					"$(DEVELOPER_FRAMEWORKS_DIR)",
				);
				GCC_PRECOMPILE_PREFIX_HEADER = YES;
				GCC_PREFIX_HEADER = "FoundIt/FoundIt-Prefix.pch";
				INFOPLIST_FILE = "FoundItTests/FoundItTests-Info.plist";
				PRODUCT_NAME = "$(TARGET_NAME)";
				TEST_HOST = "$(BUNDLE_LOADER)";
				WRAPPER_EXTENSION = xctest;
			};
			name = Release;
		};
/* End XCBuildConfiguration section */

/* Begin XCConfigurationList section */
		D98D3E2519089648000E174E /* Build configuration list for PBXProject "FoundIt" */ = {
			isa = XCConfigurationList;
			buildConfigurations = (
				D98D3E5A19089648000E174E /* Debug */,
				D98D3E5B19089648000E174E /* Release */,
			);
			defaultConfigurationIsVisible = 0;
			defaultConfigurationName = Release;
		};
		D98D3E5C19089648000E174E /* Build configuration list for PBXNativeTarget "FoundIt" */ = {
			isa = XCConfigurationList;
			buildConfigurations = (
				D98D3E5D19089648000E174E /* Debug */,
				D98D3E5E19089648000E174E /* Release */,
			);
			defaultConfigurationIsVisible = 0;
			defaultConfigurationName = Release;
		};
		D98D3E5F19089648000E174E /* Build configuration list for PBXNativeTarget "FoundItTests" */ = {
			isa = XCConfigurationList;
			buildConfigurations = (
				D98D3E6019089648000E174E /* Debug */,
				D98D3E6119089648000E174E /* Release */,
			);
			defaultConfigurationIsVisible = 0;
			defaultConfigurationName = Release;
		};
/* End XCConfigurationList section */
	};
	rootObject = D98D3E2219089648000E174E /* Project object */;
}
